
Microsoft Visual Studio Solution File, Format Version 12.00
# Visual Studio 2015
Project("{FAE04EC0-301F-11D3-BF4B-00C04F79EFBC}") = "tango defender.CSharp", "tango defender.CSharp.csproj", "{5A195DB3-B5B1-08E1-7C21-B1DC649E3F89}"
EndProject
Project("{FAE04EC0-301F-11D3-BF4B-00C04F79EFBC}") = "tango defender.CSharp.Editor", "tango defender.CSharp.Editor.csproj", "{D6D6E811-641A-7C4C-94A8-91B22D2ECE37}"
EndProject
Global
	GlobalSection(SolutionConfigurationPlatforms) = preSolution
		Debug|Any CPU = Debug|Any CPU
		Release|Any CPU = Release|Any CPU
	EndGlobalSection
	GlobalSection(ProjectConfigurationPlatforms) = postSolution
		{5A195DB3-B5B1-08E1-7C21-B1DC649E3F89}.Debug|Any CPU.ActiveCfg = Debug|Any CPU
		{5A195DB3-B5B1-08E1-7C21-B1DC649E3F89}.Debug|Any CPU.Build.0 = Debug|Any CPU
		{5A195DB3-B5B1-08E1-7C21-B1DC649E3F89}.Release|Any CPU.ActiveCfg = Release|Any CPU
		{5A195DB3-B5B1-08E1-7C21-B1DC649E3F89}.Release|Any CPU.Build.0 = Release|Any CPU
		{D6D6E811-641A-7C4C-94A8-91B22D2ECE37}.Debug|Any CPU.ActiveCfg = Debug|Any CPU
		{D6D6E811-641A-7C4C-94A8-91B22D2ECE37}.Debug|Any CPU.Build.0 = Debug|Any CPU
		{D6D6E811-641A-7C4C-94A8-91B22D2ECE37}.Release|Any CPU.ActiveCfg = Release|Any CPU
		{D6D6E811-641A-7C4C-94A8-91B22D2ECE37}.Release|Any CPU.Build.0 = Release|Any CPU
	EndGlobalSection
	GlobalSection(SolutionProperties) = preSolution
		HideSolutionNode = FALSE
	EndGlobalSection
EndGlobal
